
Microsoft Visual Studio Solution File, Format Version 12.00
# Visual Studio Version 16
VisualStudioVersion = 16.0.30225.117
MinimumVisualStudioVersion = 10.0.40219.1
Project("{FAE04EC0-301F-11D3-BF4B-00C04F79EFBC}") = "Logics", "Logics\Logics.csproj", "{28E789AF-A19D-46F5-A00D-C428BF5759FB}"
EndProject
Global
	GlobalSection(SolutionConfigurationPlatforms) = preSolution
		Debug|Any CPU = Debug|Any CPU
		Release|Any CPU = Release|Any CPU
	EndGlobalSection
	GlobalSection(ProjectConfigurationPlatforms) = postSolution
		{28E789AF-A19D-46F5-A00D-C428BF5759FB}.Debug|Any CPU.ActiveCfg = Debug|Any CPU
		{28E789AF-A19D-46F5-A00D-C428BF5759FB}.Debug|Any CPU.Build.0 = Debug|Any CPU
		{28E789AF-A19D-46F5-A00D-C428BF5759FB}.Release|Any CPU.ActiveCfg = Release|Any CPU
		{28E789AF-A19D-46F5-A00D-C428BF5759FB}.Release|Any CPU.Build.0 = Release|Any CPU
	EndGlobalSection
	GlobalSection(SolutionProperties) = preSolution
		HideSolutionNode = FALSE
	EndGlobalSection
	GlobalSection(ExtensibilityGlobals) = postSolution
		SolutionGuid = {1FA394D8-4B21-4983-8408-8B877C881CDD}
	EndGlobalSection
EndGlobal
